PODS:
  - Alamofire (4.2.0)
  - Kingfisher (3.2.3)
  - MJRefresh (3.1.12)
  - RxCocoa (3.0.1):
    - RxSwift (~> 3.0)
  - RxSwift (3.0.1)
  - SwiftyJSON (3.1.3)

DEPENDENCIES:
  - Alamofire (~> 4.0)
  - Kingfisher (~> 3.0)
  - MJRefresh
  - RxCocoa (~> 3.0)
  - RxSwift (~> 3.0)
  - SwiftyJSON

SPEC CHECKSUMS:
  Alamofire: aa2e09d871c9160ac53c90e83c68064a94e3dfbe
  Kingfisher: 0e789b4069e20da071d6eec59a9cfb4cee67a1cb
  MJRefresh: b96cdb21c4aa75a7b07654311ab2f315c497e806
  RxCocoa: 15a52fc590dcc700cb4a690a633b5c5184ce3a78
  RxSwift: af5680055c4ad04480189c52d28385b1029493a6
  SwiftyJSON: 38a8ea2006779c0fc4c310cb2ee8195327740faf

PODFILE CHECKSUM: 1c3528ad9bee53f1e80a0d19a84e69a8a220152f

COCOAPODS: 1.1.1
