// !$*UTF8*$!
{
	archiveVersion = 1;
	classes = {
	};
	objectVersion = 46;
	objects = {

/* Begin PBXBuildFile section */
		3C2AFC0E1E0A67510079C904 /* Result.storyboard in Resources */ = {isa = PBXBuildFile; fileRef = 3C2AFC0D1E0A67510079C904 /* Result.storyboard */; };
		3C2AFC101E0A69B40079C904 /* ResultController.swift in Sources */ = {isa = PBXBuildFile; fileRef = 3C2AFC0F1E0A69B40079C904 /* ResultController.swift */; };
		3C2AFC121E0A6C830079C904 /* ResultModel.swift in Sources */ = {isa = PBXBuildFile; fileRef = 3C2AFC111E0A6C830079C904 /* ResultModel.swift */; };
		3C50DD8B1E0A59A60088BD92 /* AppConstants.swift in Sources */ = {isa = PBXBuildFile; fileRef = 3C50DD8A1E0A59A60088BD92 /* AppConstants.swift */; };
		3C689EEC1E09299C00B9438D /* AppDelegate.swift in Sources */ = {isa = PBXBuildFile; fileRef = 3C689EEB1E09299C00B9438D /* AppDelegate.swift */; };
		3C689EEE1E09299C00B9438D /* MainController.swift in Sources */ = {isa = PBXBuildFile; fileRef = 3C689EED1E09299C00B9438D /* MainController.swift */; };
		3C689EF11E09299C00B9438D /* Main.storyboard in Resources */ = {isa = PBXBuildFile; fileRef = 3C689EEF1E09299C00B9438D /* Main.storyboard */; };
		3C689EF31E09299C00B9438D /* Assets.xcassets in Resources */ = {isa = PBXBuildFile; fileRef = 3C689EF21E09299C00B9438D /* Assets.xcassets */; };
		3C689EF61E09299C00B9438D /* LaunchScreen.storyboard in Resources */ = {isa = PBXBuildFile; fileRef = 3C689EF41E09299C00B9438D /* LaunchScreen.storyboard */; };
		9248CDE066A2AFF471995BCF /* Pods_MenuReader.framework in Frameworks */ = {isa = PBXBuildFile; fileRef = 1D57281ECA3DC238A50ECE1E /* Pods_MenuReader.framework */; };
/* End PBXBuildFile section */

/* Begin PBXFileReference section */
		1D57281ECA3DC238A50ECE1E /* Pods_MenuReader.framework */ = {isa = PBXFileReference; explicitFileType = wrapper.framework; includeInIndex = 0; path = Pods_MenuReader.framework; sourceTree = BUILT_PRODUCTS_DIR; };
		3C2AFC0D1E0A67510079C904 /* Result.storyboard */ = {isa = PBXFileReference; fileEncoding = 4; lastKnownFileType = file.storyboard; path = Result.storyboard; sourceTree = "<group>"; };
		3C2AFC0F1E0A69B40079C904 /* ResultController.swift */ = {isa = PBXFileReference; fileEncoding = 4; lastKnownFileType = sourcecode.swift; path = ResultController.swift; sourceTree = "<group>"; };
		3C2AFC111E0A6C830079C904 /* ResultModel.swift */ = {isa = PBXFileReference; fileEncoding = 4; lastKnownFileType = sourcecode.swift; path = ResultModel.swift; sourceTree = "<group>"; };
		3C50DD8A1E0A59A60088BD92 /* AppConstants.swift */ = {isa = PBXFileReference; fileEncoding = 4; lastKnownFileType = sourcecode.swift; path = AppConstants.swift; sourceTree = "<group>"; };
		3C689EE81E09299C00B9438D /* MenuReader.app */ = {isa = PBXFileReference; explicitFileType = wrapper.application; includeInIndex = 0; path = MenuReader.app; sourceTree = BUILT_PRODUCTS_DIR; };
		3C689EEB1E09299C00B9438D /* AppDelegate.swift */ = {isa = PBXFileReference; lastKnownFileType = sourcecode.swift; path = AppDelegate.swift; sourceTree = "<group>"; };
		3C689EED1E09299C00B9438D /* MainController.swift */ = {isa = PBXFileReference; lastKnownFileType = sourcecode.swift; path = MainController.swift; sourceTree = "<group>"; };
		3C689EF01E09299C00B9438D /* Base */ = {isa = PBXFileReference; lastKnownFileType = file.storyboard; name = Base; path = Base.lproj/Main.storyboard; sourceTree = "<group>"; };
		3C689EF21E09299C00B9438D /* Assets.xcassets */ = {isa = PBXFileReference; lastKnownFileType = folder.assetcatalog; path = Assets.xcassets; sourceTree = "<group>"; };
		3C689EF51E09299C00B9438D /* Base */ = {isa = PBXFileReference; lastKnownFileType = file.storyboard; name = Base; path = Base.lproj/LaunchScreen.storyboard; sourceTree = "<group>"; };
		3C689EF71E09299C00B9438D /* Info.plist */ = {isa = PBXFileReference; lastKnownFileType = text.plist.xml; path = Info.plist; sourceTree = "<group>"; };
		C7482FD9186B0CC386E66591 /* Pods-MenuReader.release.xcconfig */ = {isa = PBXFileReference; includeInIndex = 1; lastKnownFileType = text.xcconfig; name = "Pods-MenuReader.release.xcconfig"; path = "Pods/Target Support Files/Pods-MenuReader/Pods-MenuReader.release.xcconfig"; sourceTree = "<group>"; };
		FEB8E2141F6B47B1D5605E58 /* Pods-MenuReader.debug.xcconfig */ = {isa = PBXFileReference; includeInIndex = 1; lastKnownFileType = text.xcconfig; name = "Pods-MenuReader.debug.xcconfig"; path = "Pods/Target Support Files/Pods-MenuReader/Pods-MenuReader.debug.xcconfig"; sourceTree = "<group>"; };
/* End PBXFileReference section */

/* Begin PBXFrameworksBuildPhase section */
		3C689EE51E09299C00B9438D /* Frameworks */ = {
			isa = PBXFrameworksBuildPhase;
			buildActionMask = 2147483647;
			files = (
				9248CDE066A2AFF471995BCF /* Pods_MenuReader.framework in Frameworks */,
			);
			runOnlyForDeploymentPostprocessing = 0;
		};
/* End PBXFrameworksBuildPhase section */

/* Begin PBXGroup section */
		3C2AFC0C1E0A672F0079C904 /* ResultPage */ = {
			isa = PBXGroup;
			children = (
				3C2AFC0D1E0A67510079C904 /* Result.storyboard */,
				3C2AFC0F1E0A69B40079C904 /* ResultController.swift */,
				3C2AFC111E0A6C830079C904 /* ResultModel.swift */,
			);
			name = ResultPage;
			sourceTree = "<group>";
		};
		3C689EDF1E09299C00B9438D = {
			isa = PBXGroup;
			children = (
				3C689EEA1E09299C00B9438D /* MenuReader */,
				3C689EE91E09299C00B9438D /* Products */,
				F1E3904019E87561A26718DB /* Pods */,
				5D91D279B966115E59995F48 /* Frameworks */,
			);
			sourceTree = "<group>";
		};
		3C689EE91E09299C00B9438D /* Products */ = {
			isa = PBXGroup;
			children = (
				3C689EE81E09299C00B9438D /* MenuReader.app */,
			);
			name = Products;
			sourceTree = "<group>";
		};
		3C689EEA1E09299C00B9438D /* MenuReader */ = {
			isa = PBXGroup;
			children = (
				3C689EEB1E09299C00B9438D /* AppDelegate.swift */,
				3C689EF71E09299C00B9438D /* Info.plist */,
				3C689EF41E09299C00B9438D /* LaunchScreen.storyboard */,
				3C689EF21E09299C00B9438D /* Assets.xcassets */,
				3C689EFD1E092A6F00B9438D /* Common */,
				3C689EFE1E092A7600B9438D /* MainPage */,
				3C2AFC0C1E0A672F0079C904 /* ResultPage */,
			);
			path = MenuReader;
			sourceTree = "<group>";
		};
		3C689EFD1E092A6F00B9438D /* Common */ = {
			isa = PBXGroup;
			children = (
				3C50DD8A1E0A59A60088BD92 /* AppConstants.swift */,
			);
			name = Common;
			sourceTree = "<group>";
		};
		3C689EFE1E092A7600B9438D /* MainPage */ = {
			isa = PBXGroup;
			children = (
				3C689EED1E09299C00B9438D /* MainController.swift */,
				3C689EEF1E09299C00B9438D /* Main.storyboard */,
			);
			name = MainPage;
			sourceTree = "<group>";
		};
		5D91D279B966115E59995F48 /* Frameworks */ = {
			isa = PBXGroup;
			children = (
				1D57281ECA3DC238A50ECE1E /* Pods_MenuReader.framework */,
			);
			name = Frameworks;
			sourceTree = "<group>";
		};
		F1E3904019E87561A26718DB /* Pods */ = {
			isa = PBXGroup;
			children = (
				FEB8E2141F6B47B1D5605E58 /* Pods-MenuReader.debug.xcconfig */,
				C7482FD9186B0CC386E66591 /* Pods-MenuReader.release.xcconfig */,
			);
			name = Pods;
			sourceTree = "<group>";
		};
/* End PBXGroup section */

/* Begin PBXNativeTarget section */
		3C689EE71E09299C00B9438D /* MenuReader */ = {
			isa = PBXNativeTarget;
			buildConfigurationList = 3C689EFA1E09299C00B9438D /* Build configuration list for PBXNativeTarget "MenuReader" */;
			buildPhases = (
				FE1222ED688F1AC4152C070E /* [CP] Check Pods Manifest.lock */,
				3C689EE41E09299C00B9438D /* Sources */,
				3C689EE51E09299C00B9438D /* Frameworks */,
				3C689EE61E09299C00B9438D /* Resources */,
				F04731508B4C0AA1A619B0D9 /* [CP] Embed Pods Frameworks */,
				64338EEFFF02D3AA275B091D /* [CP] Copy Pods Resources */,
			);
			buildRules = (
			);
			dependencies = (
			);
			name = MenuReader;
			productName = MenuReader;
			productReference = 3C689EE81E09299C00B9438D /* MenuReader.app */;
			productType = "com.apple.product-type.application";
		};
/* End PBXNativeTarget section */

/* Begin PBXProject section */
		3C689EE01E09299C00B9438D /* Project object */ = {
			isa = PBXProject;
			attributes = {
				LastSwiftUpdateCheck = 0820;
				LastUpgradeCheck = 0820;
				ORGANIZATIONNAME = "RN-079";
				TargetAttributes = {
					3C689EE71E09299C00B9438D = {
						CreatedOnToolsVersion = 8.2;
						DevelopmentTeam = 2RW8Q6Y7W7;
						ProvisioningStyle = Automatic;
					};
				};
			};
			buildConfigurationList = 3C689EE31E09299C00B9438D /* Build configuration list for PBXProject "MenuReader" */;
			compatibilityVersion = "Xcode 3.2";
			developmentRegion = English;
			hasScannedForEncodings = 0;
			knownRegions = (
				en,
				Base,
			);
			mainGroup = 3C689EDF1E09299C00B9438D;
			productRefGroup = 3C689EE91E09299C00B9438D /* Products */;
			projectDirPath = "";
			projectRoot = "";
			targets = (
				3C689EE71E09299C00B9438D /* MenuReader */,
			);
		};
/* End PBXProject section */

/* Begin PBXResourcesBuildPhase section */
		3C689EE61E09299C00B9438D /* Resources */ = {
			isa = PBXResourcesBuildPhase;
			buildActionMask = 2147483647;
			files = (
				3C689EF61E09299C00B9438D /* LaunchScreen.storyboard in Resources */,
				3C689EF31E09299C00B9438D /* Assets.xcassets in Resources */,
				3C689EF11E09299C00B9438D /* Main.storyboard in Resources */,
				3C2AFC0E1E0A67510079C904 /* Result.storyboard in Resources */,
			);
			runOnlyForDeploymentPostprocessing = 0;
		};
/* End PBXResourcesBuildPhase section */

/* Begin PBXShellScriptBuildPhase section */
		64338EEFFF02D3AA275B091D /* [CP] Copy Pods Resources */ = {
			isa = PBXShellScriptBuildPhase;
			buildActionMask = 2147483647;
			files = (
			);
			inputPaths = (
			);
			name = "[CP] Copy Pods Resources";
			outputPaths = (
			);
			runOnlyForDeploymentPostprocessing = 0;
			shellPath = /bin/sh;
			shellScript = "\"${SRCROOT}/Pods/Target Support Files/Pods-MenuReader/Pods-MenuReader-resources.sh\"\n";
			showEnvVarsInLog = 0;
		};
		F04731508B4C0AA1A619B0D9 /* [CP] Embed Pods Frameworks */ = {
			isa = PBXShellScriptBuildPhase;
			buildActionMask = 2147483647;
			files = (
			);
			inputPaths = (
			);
			name = "[CP] Embed Pods Frameworks";
			outputPaths = (
			);
			runOnlyForDeploymentPostprocessing = 0;
			shellPath = /bin/sh;
			shellScript = "\"${SRCROOT}/Pods/Target Support Files/Pods-MenuReader/Pods-MenuReader-frameworks.sh\"\n";
			showEnvVarsInLog = 0;
		};
		FE1222ED688F1AC4152C070E /* [CP] Check Pods Manifest.lock */ = {
			isa = PBXShellScriptBuildPhase;
			buildActionMask = 2147483647;
			files = (
			);
			inputPaths = (
			);
			name = "[CP] Check Pods Manifest.lock";
			outputPaths = (
			);
			runOnlyForDeploymentPostprocessing = 0;
			shellPath = /bin/sh;
			shellScript = "diff \"${PODS_ROOT}/../Podfile.lock\" \"${PODS_ROOT}/Manifest.lock\" > /dev/null\nif [ $? != 0 ] ; then\n    # print error to STDERR\n    echo \"error: The sandbox is not in sync with the Podfile.lock. Run 'pod install' or update your CocoaPods installation.\" >&2\n    exit 1\nfi\n";
			showEnvVarsInLog = 0;
		};
/* End PBXShellScriptBuildPhase section */

/* Begin PBXSourcesBuildPhase section */
		3C689EE41E09299C00B9438D /* Sources */ = {
			isa = PBXSourcesBuildPhase;
			buildActionMask = 2147483647;
			files = (
				3C2AFC101E0A69B40079C904 /* ResultController.swift in Sources */,
				3C689EEE1E09299C00B9438D /* MainController.swift in Sources */,
				3C50DD8B1E0A59A60088BD92 /* AppConstants.swift in Sources */,
				3C2AFC121E0A6C830079C904 /* ResultModel.swift in Sources */,
				3C689EEC1E09299C00B9438D /* AppDelegate.swift in Sources */,
			);
			runOnlyForDeploymentPostprocessing = 0;
		};
/* End PBXSourcesBuildPhase section */

/* Begin PBXVariantGroup section */
		3C689EEF1E09299C00B9438D /* Main.storyboard */ = {
			isa = PBXVariantGroup;
			children = (
				3C689EF01E09299C00B9438D /* Base */,
			);
			name = Main.storyboard;
			sourceTree = "<group>";
		};
		3C689EF41E09299C00B9438D /* LaunchScreen.storyboard */ = {
			isa = PBXVariantGroup;
			children = (
				3C689EF51E09299C00B9438D /* Base */,
			);
			name = LaunchScreen.storyboard;
			sourceTree = "<group>";
		};
/* End PBXVariantGroup section */

/* Begin XCBuildConfiguration section */
		3C689EF81E09299C00B9438D /* Debug */ = {
			isa = XCBuildConfiguration;
			buildSettings = {
				ALWAYS_SEARCH_USER_PATHS = NO;
				CLANG_ANALYZER_NONNULL = YES;
				CLANG_CXX_LANGUAGE_STANDARD = "gnu++0x";
				CLANG_CXX_LIBRARY = "libc++";
				CLANG_ENABLE_MODULES = YES;
				CLANG_ENABLE_OBJC_ARC = YES;
				CLANG_WARN_BOOL_CONVERSION = YES;
				CLANG_WARN_CONSTANT_CONVERSION = YES;
				CLANG_WARN_DIRECT_OBJC_ISA_USAGE = YES_ERROR;
				CLANG_WARN_DOCUMENTATION_COMMENTS = YES;
				CLANG_WARN_EMPTY_BODY = YES;
				CLANG_WARN_ENUM_CONVERSION = YES;
				CLANG_WARN_INFINITE_RECURSION = YES;
				CLANG_WARN_INT_CONVERSION = YES;
				CLANG_WARN_OBJC_ROOT_CLASS = YES_ERROR;
				CLANG_WARN_SUSPICIOUS_MOVE = YES;
				CLANG_WARN_UNREACHABLE_CODE = YES;
				CLANG_WARN__DUPLICATE_METHOD_MATCH = YES;
				"CODE_SIGN_IDENTITY[sdk=iphoneos*]" = "iPhone Developer";
				COPY_PHASE_STRIP = NO;
				DEBUG_INFORMATION_FORMAT = dwarf;
				ENABLE_STRICT_OBJC_MSGSEND = YES;
				ENABLE_TESTABILITY = YES;
				GCC_C_LANGUAGE_STANDARD = gnu99;
				GCC_DYNAMIC_NO_PIC = NO;
				GCC_NO_COMMON_BLOCKS = YES;
				GCC_OPTIMIZATION_LEVEL = 0;
				GCC_PREPROCESSOR_DEFINITIONS = (
					"DEBUG=1",
					"$(inherited)",
				);
				GCC_WARN_64_TO_32_BIT_CONVERSION = YES;
				GCC_WARN_ABOUT_RETURN_TYPE = YES_ERROR;
				GCC_WARN_UNDECLARED_SELECTOR = YES;
				GCC_WARN_UNINITIALIZED_AUTOS = YES_AGGRESSIVE;
				GCC_WARN_UNUSED_FUNCTION = YES;
				GCC_WARN_UNUSED_VARIABLE = YES;
				IPHONEOS_DEPLOYMENT_TARGET = 8.0;
				MTL_ENABLE_DEBUG_INFO = YES;
				ONLY_ACTIVE_ARCH = YES;
				SDKROOT = iphoneos;
				SWIFT_ACTIVE_COMPILATION_CONDITIONS = DEBUG;
				SWIFT_OPTIMIZATION_LEVEL = "-Onone";
				TARGETED_DEVICE_FAMILY = "1,2";
			};
			name = Debug;
		};
		3C689EF91E09299C00B9438D /* Release */ = {
			isa = XCBuildConfiguration;
			buildSettings = {
				ALWAYS_SEARCH_USER_PATHS = NO;
				CLANG_ANALYZER_NONNULL = YES;
				CLANG_CXX_LANGUAGE_STANDARD = "gnu++0x";
				CLANG_CXX_LIBRARY = "libc++";
				CLANG_ENABLE_MODULES = YES;
				CLANG_ENABLE_OBJC_ARC = YES;
				CLANG_WARN_BOOL_CONVERSION = YES;
				CLANG_WARN_CONSTANT_CONVERSION = YES;
				CLANG_WARN_DIRECT_OBJC_ISA_USAGE = YES_ERROR;
				CLANG_WARN_DOCUMENTATION_COMMENTS = YES;
				CLANG_WARN_EMPTY_BODY = YES;
				CLANG_WARN_ENUM_CONVERSION = YES;
				CLANG_WARN_INFINITE_RECURSION = YES;
				CLANG_WARN_INT_CONVERSION = YES;
				CLANG_WARN_OBJC_ROOT_CLASS = YES_ERROR;
				CLANG_WARN_SUSPICIOUS_MOVE = YES;
				CLANG_WARN_UNREACHABLE_CODE = YES;
				CLANG_WARN__DUPLICATE_METHOD_MATCH = YES;
				"CODE_SIGN_IDENTITY[sdk=iphoneos*]" = "iPhone Developer";
				COPY_PHASE_STRIP = NO;
				DEBUG_INFORMATION_FORMAT = "dwarf-with-dsym";
				ENABLE_NS_ASSERTIONS = NO;
				ENABLE_STRICT_OBJC_MSGSEND = YES;
				GCC_C_LANGUAGE_STANDARD = gnu99;
				GCC_NO_COMMON_BLOCKS = YES;
				GCC_WARN_64_TO_32_BIT_CONVERSION = YES;
				GCC_WARN_ABOUT_RETURN_TYPE = YES_ERROR;
				GCC_WARN_UNDECLARED_SELECTOR = YES;
				GCC_WARN_UNINITIALIZED_AUTOS = YES_AGGRESSIVE;
				GCC_WARN_UNUSED_FUNCTION = YES;
				GCC_WARN_UNUSED_VARIABLE = YES;
				IPHONEOS_DEPLOYMENT_TARGET = 8.0;
				MTL_ENABLE_DEBUG_INFO = NO;
				SDKROOT = iphoneos;
				SWIFT_OPTIMIZATION_LEVEL = "-Owholemodule";
				TARGETED_DEVICE_FAMILY = "1,2";
				VALIDATE_PRODUCT = YES;
			};
			name = Release;
		};
		3C689EFB1E09299C00B9438D /* Debug */ = {
			isa = XCBuildConfiguration;
			baseConfigurationReference = FEB8E2141F6B47B1D5605E58 /* Pods-MenuReader.debug.xcconfig */;
			buildSettings = {
				ASSETCATALOG_COMPILER_APPICON_NAME = AppIcon;
				DEVELOPMENT_TEAM = 2RW8Q6Y7W7;
				INFOPLIST_FILE = MenuReader/Info.plist;
				LD_RUNPATH_SEARCH_PATHS = "$(inherited) @executable_path/Frameworks";
				PRODUCT_BUNDLE_IDENTIFIER = org.kaka.MenuReader;
				PRODUCT_NAME = "$(TARGET_NAME)";
				SWIFT_VERSION = 3.0;
			};
			name = Debug;
		};
		3C689EFC1E09299C00B9438D /* Release */ = {
			isa = XCBuildConfiguration;
			baseConfigurationReference = C7482FD9186B0CC386E66591 /* Pods-MenuReader.release.xcconfig */;
			buildSettings = {
				ASSETCATALOG_COMPILER_APPICON_NAME = AppIcon;
				DEVELOPMENT_TEAM = 2RW8Q6Y7W7;
				INFOPLIST_FILE = MenuReader/Info.plist;
				LD_RUNPATH_SEARCH_PATHS = "$(inherited) @executable_path/Frameworks";
				PRODUCT_BUNDLE_IDENTIFIER = org.kaka.MenuReader;
				PRODUCT_NAME = "$(TARGET_NAME)";
				SWIFT_VERSION = 3.0;
			};
			name = Release;
		};
/* End XCBuildConfiguration section */

/* Begin XCConfigurationList section */
		3C689EE31E09299C00B9438D /* Build configuration list for PBXProject "MenuReader" */ = {
			isa = XCConfigurationList;
			buildConfigurations = (
				3C689EF81E09299C00B9438D /* Debug */,
				3C689EF91E09299C00B9438D /* Release */,
			);
			defaultConfigurationIsVisible = 0;
			defaultConfigurationName = Release;
		};
		3C689EFA1E09299C00B9438D /* Build configuration list for PBXNativeTarget "MenuReader" */ = {
			isa = XCConfigurationList;
			buildConfigurations = (
				3C689EFB1E09299C00B9438D /* Debug */,
				3C689EFC1E09299C00B9438D /* Release */,
			);
			defaultConfigurationIsVisible = 0;
			defaultConfigurationName = Release;
		};
/* End XCConfigurationList section */
	};
	rootObject = 3C689EE01E09299C00B9438D /* Project object */;
}
